<?xml version="1.0" encoding="utf-8"?>
<Project ToolsVersion="4.0" xmlns="http://schemas.microsoft.com/developer/msbuild/2003">
  <ItemGroup>
    <Filter Include="Source Files">
      <UniqueIdentifier>{4FC737F1-C7A5-4376-A066-2A32D752A2FF}</UniqueIdentifier>
      <Extensions>cpp;c;cc;cxx;def;odl;idl;hpj;bat;asm;asmx</Extensions>
    </Filter>
    <Filter Include="Header Files">
      <UniqueIdentifier>{93995380-89BD-4b04-88EB-625FBE52EBFB}</UniqueIdentifier>
      <Extensions>h;hh;hpp;hxx;hm;inl;inc;xsd</Extensions>
    </Filter>
    <Filter Include="Resource Files">
      <UniqueIdentifier>{67DA6AB6-F800-4c08-8B7A-83BB121AAD01}</UniqueIdentifier>
      <Extensions>rc;ico;cur;bmp;dlg;rc2;rct;bin;rgs;gif;jpg;jpeg;jpe;resx;tiff;tif;png;wav;mfcribbon-ms</Extensions>
    </Filter>
  </ItemGroup>
  <ItemGroup>
    <Text Include="ReadMe.txt" />
  </ItemGroup>
  <ItemGroup>
    <ClInclude Include="Roulette.h">
      <Filter>Header Files</Filter>
    </ClInclude>
    <ClInclude Include="RouletteDlg.h">
      <Filter>Header Files</Filter>
    </ClInclude>
    <ClInclude Include="stdafx.h">
      <Filter>Header Files</Filter>
    </ClInclude>
    <ClInclude Include="targetver.h">
      <Filter>Header Files</Filter>
    </ClInclude>
    <ClInclude Include="Resource.h">
      <Filter>Header Files</Filter>
    </ClInclude>
    <ClInclude Include="cv_header.h">
      <Filter>Header Files</Filter>
    </ClInclude>
    <ClInclude Include="CaptureThread.h">
      <Filter>Header Files</Filter>
    </ClInclude>
    <ClInclude Include="VIDS\PeopleTracker.h">
      <Filter>Header Files</Filter>
    </ClInclude>
    <ClInclude Include="VIDS\AlarmArea.h">
      <Filter>Header Files</Filter>
    </ClInclude>
  </ItemGroup>
  <ItemGroup>
    <ClCompile Include="Roulette.cpp">
      <Filter>Source Files</Filter>
    </ClCompile>
    <ClCompile Include="RouletteDlg.cpp">
      <Filter>Source Files</Filter>
    </ClCompile>
    <ClCompile Include="stdafx.cpp">
      <Filter>Source Files</Filter>
    </ClCompile>
    <ClCompile Include="CaptureThread.cpp">
      <Filter>Source Files</Filter>
    </ClCompile>
    <ClCompile Include="VIDS\PeopleTracker.cpp">
      <Filter>Source Files</Filter>
    </ClCompile>
    <ClCompile Include="VIDS\AlarmArea.cpp">
      <Filter>Source Files</Filter>
    </ClCompile>
  </ItemGroup>
  <ItemGroup>
    <ResourceCompile Include="Roulette.rc">
      <Filter>Resource Files</Filter>
    </ResourceCompile>
  </ItemGroup>
  <ItemGroup>
    <None Include="res\Roulette.rc2">
      <Filter>Resource Files</Filter>
    </None>
  </ItemGroup>
  <ItemGroup>
    <Image Include="res\Roulette.ico">
      <Filter>Resource Files</Filter>
    </Image>
    <Image Include="res\bitmap1.bmp">
      <Filter>Resource Files</Filter>
    </Image>
    <Image Include="E:\new\photo\various mask\mask\M01.jpg">
      <Filter>Resource Files</Filter>
    </Image>
    <Image Include="res\bitmap2.bmp">
      <Filter>Resource Files</Filter>
    </Image>
    <Image Include="res\Sound.bmp">
      <Filter>Resource Files</Filter>
    </Image>
    <Image Include="res\Select activated.bmp">
      <Filter>Resource Files</Filter>
    </Image>
    <Image Include="res\icon1.ico">
      <Filter>Resource Files</Filter>
    </Image>
    <Image Include="res\sdfg.ico">
      <Filter>Resource Files</Filter>
    </Image>
    <Image Include="res\FolderOpen.png">
      <Filter>Resource Files</Filter>
    </Image>
    <Image Include="res\Music.png">
      <Filter>Resource Files</Filter>
    </Image>
    <Image Include="res\FolderOpen.ico">
      <Filter>Resource Files</Filter>
    </Image>
    <Image Include="res\Music1.ico">
      <Filter>Resource Files</Filter>
    </Image>
    <Image Include="res\Music.bmp">
      <Filter>Resource Files</Filter>
    </Image>
    <Image Include="res\FolderOpen.bmp">
      <Filter>Resource Files</Filter>
    </Image>
  </ItemGroup>
</Project>